// !$*UTF8*$!
{
	archiveVersion = 1;
	classes = {
	};
	objectVersion = 48;
	objects = {

/* Begin PBXBuildFile section */
		1824AEB01FFDBC7900D2D7A8 /* YHFileDownloader.m in Sources */ = {isa = PBXBuildFile; fileRef = 1824AEAC1FFDBC7900D2D7A8 /* YHFileDownloader.m */; };
		1824AEB11FFDBC7900D2D7A8 /* YHFileUploader.m in Sources */ = {isa = PBXBuildFile; fileRef = 1824AEAE1FFDBC7900D2D7A8 /* YHFileUploader.m */; };
		18F95B971FFB8A2900203C50 /* AppDelegate.m in Sources */ = {isa = PBXBuildFile; fileRef = 18F95B961FFB8A2900203C50 /* AppDelegate.m */; };
		18F95B9A1FFB8A2900203C50 /* ViewController.m in Sources */ = {isa = PBXBuildFile; fileRef = 18F95B991FFB8A2900203C50 /* ViewController.m */; };
		18F95B9D1FFB8A2900203C50 /* Main.storyboard in Resources */ = {isa = PBXBuildFile; fileRef = 18F95B9B1FFB8A2900203C50 /* Main.storyboard */; };
		18F95B9F1FFB8A2900203C50 /* Assets.xcassets in Resources */ = {isa = PBXBuildFile; fileRef = 18F95B9E1FFB8A2900203C50 /* Assets.xcassets */; };
		18F95BA21FFB8A2900203C50 /* LaunchScreen.storyboard in Resources */ = {isa = PBXBuildFile; fileRef = 18F95BA01FFB8A2900203C50 /* LaunchScreen.storyboard */; };
		18F95BA51FFB8A2900203C50 /* main.m in Sources */ = {isa = PBXBuildFile; fileRef = 18F95BA41FFB8A2900203C50 /* main.m */; };
		18F95BAF1FFB8A2900203C50 /* YHNetworkingTests.m in Sources */ = {isa = PBXBuildFile; fileRef = 18F95BAE1FFB8A2900203C50 /* YHNetworkingTests.m */; };
		18F95BBA1FFB8A2900203C50 /* YHNetworkingUITests.m in Sources */ = {isa = PBXBuildFile; fileRef = 18F95BB91FFB8A2900203C50 /* YHNetworkingUITests.m */; };
/* End PBXBuildFile section */

/* Begin PBXContainerItemProxy section */
		18F95BAB1FFB8A2900203C50 /* PBXContainerItemProxy */ = {
			isa = PBXContainerItemProxy;
			containerPortal = 18F95B8A1FFB8A2900203C50 /* Project object */;
			proxyType = 1;
			remoteGlobalIDString = 18F95B911FFB8A2900203C50;
			remoteInfo = YHNetworking;
		};
		18F95BB61FFB8A2900203C50 /* PBXContainerItemProxy */ = {
			isa = PBXContainerItemProxy;
			containerPortal = 18F95B8A1FFB8A2900203C50 /* Project object */;
			proxyType = 1;
			remoteGlobalIDString = 18F95B911FFB8A2900203C50;
			remoteInfo = YHNetworking;
		};
/* End PBXContainerItemProxy section */

/* Begin PBXFileReference section */
		1824AEAB1FFDBC7900D2D7A8 /* YHFileDownloader.h */ = {isa = PBXFileReference; fileEncoding = 4; lastKnownFileType = sourcecode.c.h; path = YHFileDownloader.h; sourceTree = "<group>"; };
		1824AEAC1FFDBC7900D2D7A8 /* YHFileDownloader.m */ = {isa = PBXFileReference; fileEncoding = 4; lastKnownFileType = sourcecode.c.objc; path = YHFileDownloader.m; sourceTree = "<group>"; };
		1824AEAD1FFDBC7900D2D7A8 /* YHFileUploader.h */ = {isa = PBXFileReference; fileEncoding = 4; lastKnownFileType = sourcecode.c.h; path = YHFileUploader.h; sourceTree = "<group>"; };
		1824AEAE1FFDBC7900D2D7A8 /* YHFileUploader.m */ = {isa = PBXFileReference; fileEncoding = 4; lastKnownFileType = sourcecode.c.objc; path = YHFileUploader.m; sourceTree = "<group>"; };
		1824AEAF1FFDBC7900D2D7A8 /* YHNetworking.h */ = {isa = PBXFileReference; fileEncoding = 4; lastKnownFileType = sourcecode.c.h; path = YHNetworking.h; sourceTree = "<group>"; };
		18F95B921FFB8A2900203C50 /* YHNetworking.app */ = {isa = PBXFileReference; explicitFileType = wrapper.application; includeInIndex = 0; path = YHNetworking.app; sourceTree = BUILT_PRODUCTS_DIR; };
		18F95B951FFB8A2900203C50 /* AppDelegate.h */ = {isa = PBXFileReference; lastKnownFileType = sourcecode.c.h; path = AppDelegate.h; sourceTree = "<group>"; };
		18F95B961FFB8A2900203C50 /* AppDelegate.m */ = {isa = PBXFileReference; lastKnownFileType = sourcecode.c.objc; path = AppDelegate.m; sourceTree = "<group>"; };
		18F95B981FFB8A2900203C50 /* ViewController.h */ = {isa = PBXFileReference; lastKnownFileType = sourcecode.c.h; path = ViewController.h; sourceTree = "<group>"; };
		18F95B991FFB8A2900203C50 /* ViewController.m */ = {isa = PBXFileReference; lastKnownFileType = sourcecode.c.objc; path = ViewController.m; sourceTree = "<group>"; };
		18F95B9C1FFB8A2900203C50 /* Base */ = {isa = PBXFileReference; lastKnownFileType = file.storyboard; name = Base; path = Base.lproj/Main.storyboard; sourceTree = "<group>"; };
		18F95B9E1FFB8A2900203C50 /* Assets.xcassets */ = {isa = PBXFileReference; lastKnownFileType = folder.assetcatalog; path = Assets.xcassets; sourceTree = "<group>"; };
		18F95BA11FFB8A2900203C50 /* Base */ = {isa = PBXFileReference; lastKnownFileType = file.storyboard; name = Base; path = Base.lproj/LaunchScreen.storyboard; sourceTree = "<group>"; };
		18F95BA31FFB8A2900203C50 /* Info.plist */ = {isa = PBXFileReference; lastKnownFileType = text.plist.xml; path = Info.plist; sourceTree = "<group>"; };
		18F95BA41FFB8A2900203C50 /* main.m */ = {isa = PBXFileReference; lastKnownFileType = sourcecode.c.objc; path = main.m; sourceTree = "<group>"; };
		18F95BAA1FFB8A2900203C50 /* YHNetworkingTests.xctest */ = {isa = PBXFileReference; explicitFileType = wrapper.cfbundle; includeInIndex = 0; path = YHNetworkingTests.xctest; sourceTree = BUILT_PRODUCTS_DIR; };
		18F95BAE1FFB8A2900203C50 /* YHNetworkingTests.m */ = {isa = PBXFileReference; lastKnownFileType = sourcecode.c.objc; path = YHNetworkingTests.m; sourceTree = "<group>"; };
		18F95BB01FFB8A2900203C50 /* Info.plist */ = {isa = PBXFileReference; lastKnownFileType = text.plist.xml; path = Info.plist; sourceTree = "<group>"; };
		18F95BB51FFB8A2900203C50 /* YHNetworkingUITests.xctest */ = {isa = PBXFileReference; explicitFileType = wrapper.cfbundle; includeInIndex = 0; path = YHNetworkingUITests.xctest; sourceTree = BUILT_PRODUCTS_DIR; };
		18F95BB91FFB8A2900203C50 /* YHNetworkingUITests.m */ = {isa = PBXFileReference; lastKnownFileType = sourcecode.c.objc; path = YHNetworkingUITests.m; sourceTree = "<group>"; };
		18F95BBB1FFB8A2900203C50 /* Info.plist */ = {isa = PBXFileReference; lastKnownFileType = text.plist.xml; path = Info.plist; sourceTree = "<group>"; };
/* End PBXFileReference section */

/* Begin PBXFrameworksBuildPhase section */
		18F95B8F1FFB8A2900203C50 /* Frameworks */ = {
			isa = PBXFrameworksBuildPhase;
			buildActionMask = 2147483647;
			files = (
			);
			runOnlyForDeploymentPostprocessing = 0;
		};
		18F95BA71FFB8A2900203C50 /* Frameworks */ = {
			isa = PBXFrameworksBuildPhase;
			buildActionMask = 2147483647;
			files = (
			);
			runOnlyForDeploymentPostprocessing = 0;
		};
		18F95BB21FFB8A2900203C50 /* Frameworks */ = {
			isa = PBXFrameworksBuildPhase;
			buildActionMask = 2147483647;
			files = (
			);
			runOnlyForDeploymentPostprocessing = 0;
		};
/* End PBXFrameworksBuildPhase section */

/* Begin PBXGroup section */
		1824AEAA1FFDBC7900D2D7A8 /* sources */ = {
			isa = PBXGroup;
			children = (
				1824AEAB1FFDBC7900D2D7A8 /* YHFileDownloader.h */,
				1824AEAC1FFDBC7900D2D7A8 /* YHFileDownloader.m */,
				1824AEAD1FFDBC7900D2D7A8 /* YHFileUploader.h */,
				1824AEAE1FFDBC7900D2D7A8 /* YHFileUploader.m */,
				1824AEAF1FFDBC7900D2D7A8 /* YHNetworking.h */,
			);
			path = sources;
			sourceTree = "<group>";
		};
		18F95B891FFB8A2900203C50 = {
			isa = PBXGroup;
			children = (
				1824AEAA1FFDBC7900D2D7A8 /* sources */,
				18F95B941FFB8A2900203C50 /* YHNetworking */,
				18F95BAD1FFB8A2900203C50 /* YHNetworkingTests */,
				18F95BB81FFB8A2900203C50 /* YHNetworkingUITests */,
				18F95B931FFB8A2900203C50 /* Products */,
			);
			sourceTree = "<group>";
		};
		18F95B931FFB8A2900203C50 /* Products */ = {
			isa = PBXGroup;
			children = (
				18F95B921FFB8A2900203C50 /* YHNetworking.app */,
				18F95BAA1FFB8A2900203C50 /* YHNetworkingTests.xctest */,
				18F95BB51FFB8A2900203C50 /* YHNetworkingUITests.xctest */,
			);
			name = Products;
			sourceTree = "<group>";
		};
		18F95B941FFB8A2900203C50 /* YHNetworking */ = {
			isa = PBXGroup;
			children = (
				18F95B951FFB8A2900203C50 /* AppDelegate.h */,
				18F95B961FFB8A2900203C50 /* AppDelegate.m */,
				18F95B981FFB8A2900203C50 /* ViewController.h */,
				18F95B991FFB8A2900203C50 /* ViewController.m */,
				18F95B9B1FFB8A2900203C50 /* Main.storyboard */,
				18F95B9E1FFB8A2900203C50 /* Assets.xcassets */,
				18F95BA01FFB8A2900203C50 /* LaunchScreen.storyboard */,
				18F95BA31FFB8A2900203C50 /* Info.plist */,
				18F95BA41FFB8A2900203C50 /* main.m */,
			);
			path = YHNetworking;
			sourceTree = "<group>";
		};
		18F95BAD1FFB8A2900203C50 /* YHNetworkingTests */ = {
			isa = PBXGroup;
			children = (
				18F95BAE1FFB8A2900203C50 /* YHNetworkingTests.m */,
				18F95BB01FFB8A2900203C50 /* Info.plist */,
			);
			path = YHNetworkingTests;
			sourceTree = "<group>";
		};
		18F95BB81FFB8A2900203C50 /* YHNetworkingUITests */ = {
			isa = PBXGroup;
			children = (
				18F95BB91FFB8A2900203C50 /* YHNetworkingUITests.m */,
				18F95BBB1FFB8A2900203C50 /* Info.plist */,
			);
			path = YHNetworkingUITests;
			sourceTree = "<group>";
		};
/* End PBXGroup section */

/* Begin PBXNativeTarget section */
		18F95B911FFB8A2900203C50 /* YHNetworking */ = {
			isa = PBXNativeTarget;
			buildConfigurationList = 18F95BBE1FFB8A2900203C50 /* Build configuration list for PBXNativeTarget "YHNetworking" */;
			buildPhases = (
				18F95B8E1FFB8A2900203C50 /* Sources */,
				18F95B8F1FFB8A2900203C50 /* Frameworks */,
				18F95B901FFB8A2900203C50 /* Resources */,
			);
			buildRules = (
			);
			dependencies = (
			);
			name = YHNetworking;
			productName = YHNetworking;
			productReference = 18F95B921FFB8A2900203C50 /* YHNetworking.app */;
			productType = "com.apple.product-type.application";
		};
		18F95BA91FFB8A2900203C50 /* YHNetworkingTests */ = {
			isa = PBXNativeTarget;
			buildConfigurationList = 18F95BC11FFB8A2900203C50 /* Build configuration list for PBXNativeTarget "YHNetworkingTests" */;
			buildPhases = (
				18F95BA61FFB8A2900203C50 /* Sources */,
				18F95BA71FFB8A2900203C50 /* Frameworks */,
				18F95BA81FFB8A2900203C50 /* Resources */,
			);
			buildRules = (
			);
			dependencies = (
				18F95BAC1FFB8A2900203C50 /* PBXTargetDependency */,
			);
			name = YHNetworkingTests;
			productName = YHNetworkingTests;
			productReference = 18F95BAA1FFB8A2900203C50 /* YHNetworkingTests.xctest */;
			productType = "com.apple.product-type.bundle.unit-test";
		};
		18F95BB41FFB8A2900203C50 /* YHNetworkingUITests */ = {
			isa = PBXNativeTarget;
			buildConfigurationList = 18F95BC41FFB8A2900203C50 /* Build configuration list for PBXNativeTarget "YHNetworkingUITests" */;
			buildPhases = (
				18F95BB11FFB8A2900203C50 /* Sources */,
				18F95BB21FFB8A2900203C50 /* Frameworks */,
				18F95BB31FFB8A2900203C50 /* Resources */,
			);
			buildRules = (
			);
			dependencies = (
				18F95BB71FFB8A2900203C50 /* PBXTargetDependency */,
			);
			name = YHNetworkingUITests;
			productName = YHNetworkingUITests;
			productReference = 18F95BB51FFB8A2900203C50 /* YHNetworkingUITests.xctest */;
			productType = "com.apple.product-type.bundle.ui-testing";
		};
/* End PBXNativeTarget section */

/* Begin PBXProject section */
		18F95B8A1FFB8A2900203C50 /* Project object */ = {
			isa = PBXProject;
			attributes = {
				LastUpgradeCheck = 0910;
				ORGANIZATIONNAME = "玉河川";
				TargetAttributes = {
					18F95B911FFB8A2900203C50 = {
						CreatedOnToolsVersion = 9.1;
						ProvisioningStyle = Automatic;
					};
					18F95BA91FFB8A2900203C50 = {
						CreatedOnToolsVersion = 9.1;
						ProvisioningStyle = Automatic;
						TestTargetID = 18F95B911FFB8A2900203C50;
					};
					18F95BB41FFB8A2900203C50 = {
						CreatedOnToolsVersion = 9.1;
						ProvisioningStyle = Automatic;
						TestTargetID = 18F95B911FFB8A2900203C50;
					};
				};
			};
			buildConfigurationList = 18F95B8D1FFB8A2900203C50 /* Build configuration list for PBXProject "YHNetworking" */;
			compatibilityVersion = "Xcode 8.0";
			developmentRegion = en;
			hasScannedForEncodings = 0;
			knownRegions = (
				en,
				Base,
			);
			mainGroup = 18F95B891FFB8A2900203C50;
			productRefGroup = 18F95B931FFB8A2900203C50 /* Products */;
			projectDirPath = "";
			projectRoot = "";
			targets = (
				18F95B911FFB8A2900203C50 /* YHNetworking */,
				18F95BA91FFB8A2900203C50 /* YHNetworkingTests */,
				18F95BB41FFB8A2900203C50 /* YHNetworkingUITests */,
			);
		};
/* End PBXProject section */

/* Begin PBXResourcesBuildPhase section */
		18F95B901FFB8A2900203C50 /* Resources */ = {
			isa = PBXResourcesBuildPhase;
			buildActionMask = 2147483647;
			files = (
				18F95BA21FFB8A2900203C50 /* LaunchScreen.storyboard in Resources */,
				18F95B9F1FFB8A2900203C50 /* Assets.xcassets in Resources */,
				18F95B9D1FFB8A2900203C50 /* Main.storyboard in Resources */,
			);
			runOnlyForDeploymentPostprocessing = 0;
		};
		18F95BA81FFB8A2900203C50 /* Resources */ = {
			isa = PBXResourcesBuildPhase;
			buildActionMask = 2147483647;
			files = (
			);
			runOnlyForDeploymentPostprocessing = 0;
		};
		18F95BB31FFB8A2900203C50 /* Resources */ = {
			isa = PBXResourcesBuildPhase;
			buildActionMask = 2147483647;
			files = (
			);
			runOnlyForDeploymentPostprocessing = 0;
		};
/* End PBXResourcesBuildPhase section */

/* Begin PBXSourcesBuildPhase section */
		18F95B8E1FFB8A2900203C50 /* Sources */ = {
			isa = PBXSourcesBuildPhase;
			buildActionMask = 2147483647;
			files = (
				18F95B9A1FFB8A2900203C50 /* ViewController.m in Sources */,
				1824AEB01FFDBC7900D2D7A8 /* YHFileDownloader.m in Sources */,
				18F95BA51FFB8A2900203C50 /* main.m in Sources */,
				1824AEB11FFDBC7900D2D7A8 /* YHFileUploader.m in Sources */,
				18F95B971FFB8A2900203C50 /* AppDelegate.m in Sources */,
			);
			runOnlyForDeploymentPostprocessing = 0;
		};
		18F95BA61FFB8A2900203C50 /* Sources */ = {
			isa = PBXSourcesBuildPhase;
			buildActionMask = 2147483647;
			files = (
				18F95BAF1FFB8A2900203C50 /* YHNetworkingTests.m in Sources */,
			);
			runOnlyForDeploymentPostprocessing = 0;
		};
		18F95BB11FFB8A2900203C50 /* Sources */ = {
			isa = PBXSourcesBuildPhase;
			buildActionMask = 2147483647;
			files = (
				18F95BBA1FFB8A2900203C50 /* YHNetworkingUITests.m in Sources */,
			);
			runOnlyForDeploymentPostprocessing = 0;
		};
/* End PBXSourcesBuildPhase section */

/* Begin PBXTargetDependency section */
		18F95BAC1FFB8A2900203C50 /* PBXTargetDependency */ = {
			isa = PBXTargetDependency;
			target = 18F95B911FFB8A2900203C50 /* YHNetworking */;
			targetProxy = 18F95BAB1FFB8A2900203C50 /* PBXContainerItemProxy */;
		};
		18F95BB71FFB8A2900203C50 /* PBXTargetDependency */ = {
			isa = PBXTargetDependency;
			target = 18F95B911FFB8A2900203C50 /* YHNetworking */;
			targetProxy = 18F95BB61FFB8A2900203C50 /* PBXContainerItemProxy */;
		};
/* End PBXTargetDependency section */

/* Begin PBXVariantGroup section */
		18F95B9B1FFB8A2900203C50 /* Main.storyboard */ = {
			isa = PBXVariantGroup;
			children = (
				18F95B9C1FFB8A2900203C50 /* Base */,
			);
			name = Main.storyboard;
			sourceTree = "<group>";
		};
		18F95BA01FFB8A2900203C50 /* LaunchScreen.storyboard */ = {
			isa = PBXVariantGroup;
			children = (
				18F95BA11FFB8A2900203C50 /* Base */,
			);
			name = LaunchScreen.storyboard;
			sourceTree = "<group>";
		};
/* End PBXVariantGroup section */

/* Begin XCBuildConfiguration section */
		18F95BBC1FFB8A2900203C50 /* Debug */ = {
			isa = XCBuildConfiguration;
			buildSettings = {
				ALWAYS_SEARCH_USER_PATHS = NO;
				CLANG_ANALYZER_NONNULL = YES;
				CLANG_ANALYZER_NUMBER_OBJECT_CONVERSION = YES_AGGRESSIVE;
				CLANG_CXX_LANGUAGE_STANDARD = "gnu++14";
				CLANG_CXX_LIBRARY = "libc++";
				CLANG_ENABLE_MODULES = YES;
				CLANG_ENABLE_OBJC_ARC = YES;
				CLANG_WARN_BLOCK_CAPTURE_AUTORELEASING = YES;
				CLANG_WARN_BOOL_CONVERSION = YES;
				CLANG_WARN_COMMA = YES;
				CLANG_WARN_CONSTANT_CONVERSION = YES;
				CLANG_WARN_DIRECT_OBJC_ISA_USAGE = YES_ERROR;
				CLANG_WARN_DOCUMENTATION_COMMENTS = YES;
				CLANG_WARN_EMPTY_BODY = YES;
				CLANG_WARN_ENUM_CONVERSION = YES;
				CLANG_WARN_INFINITE_RECURSION = YES;
				CLANG_WARN_INT_CONVERSION = YES;
				CLANG_WARN_NON_LITERAL_NULL_CONVERSION = YES;
				CLANG_WARN_OBJC_LITERAL_CONVERSION = YES;
				CLANG_WARN_OBJC_ROOT_CLASS = YES_ERROR;
				CLANG_WARN_RANGE_LOOP_ANALYSIS = YES;
				CLANG_WARN_STRICT_PROTOTYPES = YES;
				CLANG_WARN_SUSPICIOUS_MOVE = YES;
				CLANG_WARN_UNGUARDED_AVAILABILITY = YES_AGGRESSIVE;
				CLANG_WARN_UNREACHABLE_CODE = YES;
				CLANG_WARN__DUPLICATE_METHOD_MATCH = YES;
				CODE_SIGN_IDENTITY = "iPhone Developer";
				COPY_PHASE_STRIP = NO;
				DEBUG_INFORMATION_FORMAT = dwarf;
				ENABLE_STRICT_OBJC_MSGSEND = YES;
				ENABLE_TESTABILITY = YES;
				GCC_C_LANGUAGE_STANDARD = gnu11;
				GCC_DYNAMIC_NO_PIC = NO;
				GCC_NO_COMMON_BLOCKS = YES;
				GCC_OPTIMIZATION_LEVEL = 0;
				GCC_PREPROCESSOR_DEFINITIONS = (
					"DEBUG=1",
					"$(inherited)",
				);
				GCC_WARN_64_TO_32_BIT_CONVERSION = YES;
				GCC_WARN_ABOUT_RETURN_TYPE = YES_ERROR;
				GCC_WARN_UNDECLARED_SELECTOR = YES;
				GCC_WARN_UNINITIALIZED_AUTOS = YES_AGGRESSIVE;
				GCC_WARN_UNUSED_FUNCTION = YES;
				GCC_WARN_UNUSED_VARIABLE = YES;
				IPHONEOS_DEPLOYMENT_TARGET = 11.1;
				MTL_ENABLE_DEBUG_INFO = YES;
				ONLY_ACTIVE_ARCH = YES;
				SDKROOT = iphoneos;
			};
			name = Debug;
		};
		18F95BBD1FFB8A2900203C50 /* Release */ = {
			isa = XCBuildConfiguration;
			buildSettings = {
				ALWAYS_SEARCH_USER_PATHS = NO;
				CLANG_ANALYZER_NONNULL = YES;
				CLANG_ANALYZER_NUMBER_OBJECT_CONVERSION = YES_AGGRESSIVE;
				CLANG_CXX_LANGUAGE_STANDARD = "gnu++14";
				CLANG_CXX_LIBRARY = "libc++";
				CLANG_ENABLE_MODULES = YES;
				CLANG_ENABLE_OBJC_ARC = YES;
				CLANG_WARN_BLOCK_CAPTURE_AUTORELEASING = YES;
				CLANG_WARN_BOOL_CONVERSION = YES;
				CLANG_WARN_COMMA = YES;
				CLANG_WARN_CONSTANT_CONVERSION = YES;
				CLANG_WARN_DIRECT_OBJC_ISA_USAGE = YES_ERROR;
				CLANG_WARN_DOCUMENTATION_COMMENTS = YES;
				CLANG_WARN_EMPTY_BODY = YES;
				CLANG_WARN_ENUM_CONVERSION = YES;
				CLANG_WARN_INFINITE_RECURSION = YES;
				CLANG_WARN_INT_CONVERSION = YES;
				CLANG_WARN_NON_LITERAL_NULL_CONVERSION = YES;
				CLANG_WARN_OBJC_LITERAL_CONVERSION = YES;
				CLANG_WARN_OBJC_ROOT_CLASS = YES_ERROR;
				CLANG_WARN_RANGE_LOOP_ANALYSIS = YES;
				CLANG_WARN_STRICT_PROTOTYPES = YES;
				CLANG_WARN_SUSPICIOUS_MOVE = YES;
				CLANG_WARN_UNGUARDED_AVAILABILITY = YES_AGGRESSIVE;
				CLANG_WARN_UNREACHABLE_CODE = YES;
				CLANG_WARN__DUPLICATE_METHOD_MATCH = YES;
				CODE_SIGN_IDENTITY = "iPhone Developer";
				COPY_PHASE_STRIP = NO;
				DEBUG_INFORMATION_FORMAT = "dwarf-with-dsym";
				ENABLE_NS_ASSERTIONS = NO;
				ENABLE_STRICT_OBJC_MSGSEND = YES;
				GCC_C_LANGUAGE_STANDARD = gnu11;
				GCC_NO_COMMON_BLOCKS = YES;
				GCC_WARN_64_TO_32_BIT_CONVERSION = YES;
				GCC_WARN_ABOUT_RETURN_TYPE = YES_ERROR;
				GCC_WARN_UNDECLARED_SELECTOR = YES;
				GCC_WARN_UNINITIALIZED_AUTOS = YES_AGGRESSIVE;
				GCC_WARN_UNUSED_FUNCTION = YES;
				GCC_WARN_UNUSED_VARIABLE = YES;
				IPHONEOS_DEPLOYMENT_TARGET = 11.1;
				MTL_ENABLE_DEBUG_INFO = NO;
				SDKROOT = iphoneos;
				VALIDATE_PRODUCT = YES;
			};
			name = Release;
		};
		18F95BBF1FFB8A2900203C50 /* Debug */ = {
			isa = XCBuildConfiguration;
			buildSettings = {
				ASSETCATALOG_COMPILER_APPICON_NAME = AppIcon;
				CODE_SIGN_STYLE = Automatic;
				DEVELOPMENT_TEAM = JX84U25WS9;
				INFOPLIST_FILE = YHNetworking/Info.plist;
				LD_RUNPATH_SEARCH_PATHS = "$(inherited) @executable_path/Frameworks";
				PRODUCT_BUNDLE_IDENTIFIER = "---.YHNetworking";
				PRODUCT_NAME = "$(TARGET_NAME)";
				TARGETED_DEVICE_FAMILY = "1,2";
			};
			name = Debug;
		};
		18F95BC01FFB8A2900203C50 /* Release */ = {
			isa = XCBuildConfiguration;
			buildSettings = {
				ASSETCATALOG_COMPILER_APPICON_NAME = AppIcon;
				CODE_SIGN_STYLE = Automatic;
				DEVELOPMENT_TEAM = JX84U25WS9;
				INFOPLIST_FILE = YHNetworking/Info.plist;
				LD_RUNPATH_SEARCH_PATHS = "$(inherited) @executable_path/Frameworks";
				PRODUCT_BUNDLE_IDENTIFIER = "---.YHNetworking";
				PRODUCT_NAME = "$(TARGET_NAME)";
				TARGETED_DEVICE_FAMILY = "1,2";
			};
			name = Release;
		};
		18F95BC21FFB8A2900203C50 /* Debug */ = {
			isa = XCBuildConfiguration;
			buildSettings = {
				BUNDLE_LOADER = "$(TEST_HOST)";
				CODE_SIGN_STYLE = Automatic;
				DEVELOPMENT_TEAM = JX84U25WS9;
				INFOPLIST_FILE = YHNetworkingTests/Info.plist;
				LD_RUNPATH_SEARCH_PATHS = "$(inherited) @executable_path/Frameworks @loader_path/Frameworks";
				PRODUCT_BUNDLE_IDENTIFIER = "---.YHNetworkingTests";
				PRODUCT_NAME = "$(TARGET_NAME)";
				TARGETED_DEVICE_FAMILY = "1,2";
				TEST_HOST = "$(BUILT_PRODUCTS_DIR)/YHNetworking.app/YHNetworking";
			};
			name = Debug;
		};
		18F95BC31FFB8A2900203C50 /* Release */ = {
			isa = XCBuildConfiguration;
			buildSettings = {
				BUNDLE_LOADER = "$(TEST_HOST)";
				CODE_SIGN_STYLE = Automatic;
				DEVELOPMENT_TEAM = JX84U25WS9;
				INFOPLIST_FILE = YHNetworkingTests/Info.plist;
				LD_RUNPATH_SEARCH_PATHS = "$(inherited) @executable_path/Frameworks @loader_path/Frameworks";
				PRODUCT_BUNDLE_IDENTIFIER = "---.YHNetworkingTests";
				PRODUCT_NAME = "$(TARGET_NAME)";
				TARGETED_DEVICE_FAMILY = "1,2";
				TEST_HOST = "$(BUILT_PRODUCTS_DIR)/YHNetworking.app/YHNetworking";
			};
			name = Release;
		};
		18F95BC51FFB8A2900203C50 /* Debug */ = {
			isa = XCBuildConfiguration;
			buildSettings = {
				CODE_SIGN_STYLE = Automatic;
				DEVELOPMENT_TEAM = JX84U25WS9;
				INFOPLIST_FILE = YHNetworkingUITests/Info.plist;
				LD_RUNPATH_SEARCH_PATHS = "$(inherited) @executable_path/Frameworks @loader_path/Frameworks";
				PRODUCT_BUNDLE_IDENTIFIER = "---.YHNetworkingUITests";
				PRODUCT_NAME = "$(TARGET_NAME)";
				TARGETED_DEVICE_FAMILY = "1,2";
				TEST_TARGET_NAME = YHNetworking;
			};
			name = Debug;
		};
		18F95BC61FFB8A2900203C50 /* Release */ = {
			isa = XCBuildConfiguration;
			buildSettings = {
				CODE_SIGN_STYLE = Automatic;
				DEVELOPMENT_TEAM = JX84U25WS9;
				INFOPLIST_FILE = YHNetworkingUITests/Info.plist;
				LD_RUNPATH_SEARCH_PATHS = "$(inherited) @executable_path/Frameworks @loader_path/Frameworks";
				PRODUCT_BUNDLE_IDENTIFIER = "---.YHNetworkingUITests";
				PRODUCT_NAME = "$(TARGET_NAME)";
				TARGETED_DEVICE_FAMILY = "1,2";
				TEST_TARGET_NAME = YHNetworking;
			};
			name = Release;
		};
/* End XCBuildConfiguration section */

/* Begin XCConfigurationList section */
		18F95B8D1FFB8A2900203C50 /* Build configuration list for PBXProject "YHNetworking" */ = {
			isa = XCConfigurationList;
			buildConfigurations = (
				18F95BBC1FFB8A2900203C50 /* Debug */,
				18F95BBD1FFB8A2900203C50 /* Release */,
			);
			defaultConfigurationIsVisible = 0;
			defaultConfigurationName = Release;
		};
		18F95BBE1FFB8A2900203C50 /* Build configuration list for PBXNativeTarget "YHNetworking" */ = {
			isa = XCConfigurationList;
			buildConfigurations = (
				18F95BBF1FFB8A2900203C50 /* Debug */,
				18F95BC01FFB8A2900203C50 /* Release */,
			);
			defaultConfigurationIsVisible = 0;
			defaultConfigurationName = Release;
		};
		18F95BC11FFB8A2900203C50 /* Build configuration list for PBXNativeTarget "YHNetworkingTests" */ = {
			isa = XCConfigurationList;
			buildConfigurations = (
				18F95BC21FFB8A2900203C50 /* Debug */,
				18F95BC31FFB8A2900203C50 /* Release */,
			);
			defaultConfigurationIsVisible = 0;
			defaultConfigurationName = Release;
		};
		18F95BC41FFB8A2900203C50 /* Build configuration list for PBXNativeTarget "YHNetworkingUITests" */ = {
			isa = XCConfigurationList;
			buildConfigurations = (
				18F95BC51FFB8A2900203C50 /* Debug */,
				18F95BC61FFB8A2900203C50 /* Release */,
			);
			defaultConfigurationIsVisible = 0;
			defaultConfigurationName = Release;
		};
/* End XCConfigurationList section */
	};
	rootObject = 18F95B8A1FFB8A2900203C50 /* Project object */;
}
